#OaaS
# neutron-rootwrap command filters for nodes on which neutron is
# expected to control network
#
# This file should be owned by (and only-writeable by) the root user

# format seems to be
# cmd-name: filter-name, raw-command, user, args

[Filters]

#solowan
solowan : CommandFilter, /etc/init.d/solowan , root

#USE: sudo /usr/bin/neutron-rootwrap /etc/neutron/rootwrap.conf solowan start 
